{
  "originHash" : "07c481f78530633414abc9722c6a9555fee22b1ba5c0ecf5333023960a25940d",
  "pins" : [
    {
      "identity" : "zeticmlangeios",
      "kind" : "remoteSourceControl",
      "location" : "https://github.com/zetic-ai/ZeticMLangeiOS.git",
      "state" : {
        "revision" : "73be12abd9bfce1a9f6a07e9e5c74c8547e42fa9",
        "version" : "1.7.0-beta.1"
      }
    }
  ],
  "version" : 3
}
